
Microsoft Visual Studio Solution File, Format Version 12.00
# Visual Studio Version 17
VisualStudioVersion = 17.1.32319.34
MinimumVisualStudioVersion = 10.0.40219.1
Project("{2150E333-8FDC-42A3-9474-1A3956D46DE8}") = "src", "src", "{A7ADD7D0-0050-4EAA-AAD2-F0EB5F436579}"
EndProject
Project("{2150E333-8FDC-42A3-9474-1A3956D46DE8}") = "tests", "tests", "{D43B4FC6-AD31-4CC1-8480-CD42740B41B4}"
EndProject
Project("{2150E333-8FDC-42A3-9474-1A3956D46DE8}") = "API", "API", "{BB1FC011-8EB3-4EA3-B76B-F6172355785F}"
EndProject
Project("{2150E333-8FDC-42A3-9474-1A3956D46DE8}") = "Infrastructure", "Infrastructure", "{FB2B5AA2-06B6-4A2A-B5F7-669DBBE36A47}"
EndProject
Project("{2150E333-8FDC-42A3-9474-1A3956D46DE8}") = "Domain", "Domain", "{0BC74B68-7CDE-4D37-84A0-66ABA114DCF9}"
EndProject
Project("{2150E333-8FDC-42A3-9474-1A3956D46DE8}") = "Databases", "Databases", "{F95B5A2B-E880-4B00-9C26-9D396F682ABB}"
EndProject
Project("{FAE04EC0-301F-11D3-BF4B-00C04F79EFBC}") = "LG.Domain", "LG.Domain\LG.Domain.csproj", "{96B785BA-F84B-4BC5-B2CC-9A885517FF96}"
EndProject
Project("{FAE04EC0-301F-11D3-BF4B-00C04F79EFBC}") = "LG.Domain.Baseline", "LG.Domain.Baseline\LG.Domain.Baseline.csproj", "{144045B3-2F0B-4A7D-940F-06B80DBD6C8C}"
EndProject
Project("{2150E333-8FDC-42A3-9474-1A3956D46DE8}") = "Application", "Application", "{5784A97A-B25D-4375-A121-7AF0F4955D67}"
EndProject
Project("{2150E333-8FDC-42A3-9474-1A3956D46DE8}") = "Data", "Data", "{77156417-7C2C-4D3F-B331-E67850923032}"
EndProject
Project("{FAE04EC0-301F-11D3-BF4B-00C04F79EFBC}") = "LG.Data", "LG.Data\LG.Data.csproj", "{08EB0249-69B2-4896-8C51-C8118859E2B4}"
EndProject
Project("{FAE04EC0-301F-11D3-BF4B-00C04F79EFBC}") = "LG.Data.Baseline", "LG.Data.Baseline\LG.Data.Baseline.csproj", "{D812D2F9-4A5A-411D-8EF8-2222F520E5D5}"
EndProject
Global
	GlobalSection(SolutionConfigurationPlatforms) = preSolution
		Debug|Any CPU = Debug|Any CPU
		Release|Any CPU = Release|Any CPU
	EndGlobalSection
	GlobalSection(ProjectConfigurationPlatforms) = postSolution
		{96B785BA-F84B-4BC5-B2CC-9A885517FF96}.Debug|Any CPU.ActiveCfg = Debug|Any CPU
		{96B785BA-F84B-4BC5-B2CC-9A885517FF96}.Debug|Any CPU.Build.0 = Debug|Any CPU
		{96B785BA-F84B-4BC5-B2CC-9A885517FF96}.Release|Any CPU.ActiveCfg = Release|Any CPU
		{96B785BA-F84B-4BC5-B2CC-9A885517FF96}.Release|Any CPU.Build.0 = Release|Any CPU
		{144045B3-2F0B-4A7D-940F-06B80DBD6C8C}.Debug|Any CPU.ActiveCfg = Debug|Any CPU
		{144045B3-2F0B-4A7D-940F-06B80DBD6C8C}.Debug|Any CPU.Build.0 = Debug|Any CPU
		{144045B3-2F0B-4A7D-940F-06B80DBD6C8C}.Release|Any CPU.ActiveCfg = Release|Any CPU
		{144045B3-2F0B-4A7D-940F-06B80DBD6C8C}.Release|Any CPU.Build.0 = Release|Any CPU
		{08EB0249-69B2-4896-8C51-C8118859E2B4}.Debug|Any CPU.ActiveCfg = Debug|Any CPU
		{08EB0249-69B2-4896-8C51-C8118859E2B4}.Debug|Any CPU.Build.0 = Debug|Any CPU
		{08EB0249-69B2-4896-8C51-C8118859E2B4}.Release|Any CPU.ActiveCfg = Release|Any CPU
		{08EB0249-69B2-4896-8C51-C8118859E2B4}.Release|Any CPU.Build.0 = Release|Any CPU
		{D812D2F9-4A5A-411D-8EF8-2222F520E5D5}.Debug|Any CPU.ActiveCfg = Debug|Any CPU
		{D812D2F9-4A5A-411D-8EF8-2222F520E5D5}.Debug|Any CPU.Build.0 = Debug|Any CPU
		{D812D2F9-4A5A-411D-8EF8-2222F520E5D5}.Release|Any CPU.ActiveCfg = Release|Any CPU
		{D812D2F9-4A5A-411D-8EF8-2222F520E5D5}.Release|Any CPU.Build.0 = Release|Any CPU
	EndGlobalSection
	GlobalSection(SolutionProperties) = preSolution
		HideSolutionNode = FALSE
	EndGlobalSection
	GlobalSection(NestedProjects) = preSolution
		{BB1FC011-8EB3-4EA3-B76B-F6172355785F} = {A7ADD7D0-0050-4EAA-AAD2-F0EB5F436579}
		{FB2B5AA2-06B6-4A2A-B5F7-669DBBE36A47} = {A7ADD7D0-0050-4EAA-AAD2-F0EB5F436579}
		{0BC74B68-7CDE-4D37-84A0-66ABA114DCF9} = {A7ADD7D0-0050-4EAA-AAD2-F0EB5F436579}
		{F95B5A2B-E880-4B00-9C26-9D396F682ABB} = {A7ADD7D0-0050-4EAA-AAD2-F0EB5F436579}
		{96B785BA-F84B-4BC5-B2CC-9A885517FF96} = {0BC74B68-7CDE-4D37-84A0-66ABA114DCF9}
		{144045B3-2F0B-4A7D-940F-06B80DBD6C8C} = {0BC74B68-7CDE-4D37-84A0-66ABA114DCF9}
		{5784A97A-B25D-4375-A121-7AF0F4955D67} = {A7ADD7D0-0050-4EAA-AAD2-F0EB5F436579}
		{77156417-7C2C-4D3F-B331-E67850923032} = {A7ADD7D0-0050-4EAA-AAD2-F0EB5F436579}
		{08EB0249-69B2-4896-8C51-C8118859E2B4} = {77156417-7C2C-4D3F-B331-E67850923032}
		{D812D2F9-4A5A-411D-8EF8-2222F520E5D5} = {77156417-7C2C-4D3F-B331-E67850923032}
	EndGlobalSection
	GlobalSection(ExtensibilityGlobals) = postSolution
		SolutionGuid = {276BF10B-9AE4-43B3-B7B2-2C110D53CE23}
	EndGlobalSection
EndGlobal
